
Microsoft Visual Studio Solution File, Format Version 12.00
# Visual Studio Version 17
VisualStudioVersion = 17.13.35825.156 d17.13
MinimumVisualStudioVersion = 10.0.40219.1
Project("{FAE04EC0-301F-11D3-BF4B-00C04F79EFBC}") = "MotionSeatTest_cSharp", "MotionSeatTest_cSharp.csproj", "{58632F8A-5D85-4F69-8C8A-ADF0BDC36BB7}"
EndProject
Global
	GlobalSection(SolutionConfigurationPlatforms) = preSolution
		Debug|Any CPU = Debug|Any CPU
		Release|Any CPU = Release|Any CPU
	EndGlobalSection
	GlobalSection(ProjectConfigurationPlatforms) = postSolution
		{58632F8A-5D85-4F69-8C8A-ADF0BDC36BB7}.Debug|Any CPU.ActiveCfg = Debug|Any CPU
		{58632F8A-5D85-4F69-8C8A-ADF0BDC36BB7}.Debug|Any CPU.Build.0 = Debug|Any CPU
		{58632F8A-5D85-4F69-8C8A-ADF0BDC36BB7}.Release|Any CPU.ActiveCfg = Release|Any CPU
		{58632F8A-5D85-4F69-8C8A-ADF0BDC36BB7}.Release|Any CPU.Build.0 = Release|Any CPU
	EndGlobalSection
	GlobalSection(SolutionProperties) = preSolution
		HideSolutionNode = FALSE
	EndGlobalSection
	GlobalSection(ExtensibilityGlobals) = postSolution
		SolutionGuid = {D83285E8-C9F6-4E03-AB7B-37CB547D3D15}
	EndGlobalSection
EndGlobal
